
Microsoft Visual Studio Solution File, Format Version 12.00
# Visual Studio Version 17
VisualStudioVersion = 17.0.31903.59
MinimumVisualStudioVersion = 10.0.40219.1
Project("{2150E333-8FDC-42A3-9474-1A3956D46DE8}") = "src", "src", "{827E0CD3-B72D-47B6-A68D-7590B98EB39B}"
EndProject
Project("{FAE04EC0-301F-11D3-BF4B-00C04F79EFBC}") = "Sentinel.Identity.Api", "src\Sentinel.Identity.Api\Sentinel.Identity.Api.csproj", "{40E128C2-372E-46B0-9DA4-2625F80FBF9A}"
EndProject
Project("{FAE04EC0-301F-11D3-BF4B-00C04F79EFBC}") = "Sentinel.Identity.Application", "src\Sentinel.Identity.Application\Sentinel.Identity.Application.csproj", "{0506BF53-A5EA-482F-A91F-3850E5B73C89}"
EndProject
Project("{FAE04EC0-301F-11D3-BF4B-00C04F79EFBC}") = "Sentinel.Identity.Domain", "src\Sentinel.Identity.Domain\Sentinel.Identity.Domain.csproj", "{9CF69960-9618-49B1-A8AA-6699FF14C9C5}"
EndProject
Project("{FAE04EC0-301F-11D3-BF4B-00C04F79EFBC}") = "Sentinel.Identity.Infrastructure", "src\Sentinel.Identity.Infrastructure\Sentinel.Identity.Infrastructure.csproj", "{9B03C273-8266-4085-8BAD-9570BF48592F}"
EndProject
Project("{2150E333-8FDC-42A3-9474-1A3956D46DE8}") = "test", "test", "{0C88DD14-F956-CE84-757C-A364CCF449FC}"
EndProject
Project("{FAE04EC0-301F-11D3-BF4B-00C04F79EFBC}") = "Sentinel.Identity.Tests", "test\Sentinel.Identity.Tests\Sentinel.Identity.Tests.csproj", "{DDE9715D-2E7D-4D56-B6A2-835FB384401E}"
EndProject
Global
	GlobalSection(SolutionConfigurationPlatforms) = preSolution
		Debug|Any CPU = Debug|Any CPU
		Debug|x64 = Debug|x64
		Debug|x86 = Debug|x86
		Release|Any CPU = Release|Any CPU
		Release|x64 = Release|x64
		Release|x86 = Release|x86
	EndGlobalSection
	GlobalSection(ProjectConfigurationPlatforms) = postSolution
		{40E128C2-372E-46B0-9DA4-2625F80FBF9A}.Debug|Any CPU.ActiveCfg = Debug|Any CPU
		{40E128C2-372E-46B0-9DA4-2625F80FBF9A}.Debug|Any CPU.Build.0 = Debug|Any CPU
		{40E128C2-372E-46B0-9DA4-2625F80FBF9A}.Debug|x64.ActiveCfg = Debug|Any CPU
		{40E128C2-372E-46B0-9DA4-2625F80FBF9A}.Debug|x64.Build.0 = Debug|Any CPU
		{40E128C2-372E-46B0-9DA4-2625F80FBF9A}.Debug|x86.ActiveCfg = Debug|Any CPU
		{40E128C2-372E-46B0-9DA4-2625F80FBF9A}.Debug|x86.Build.0 = Debug|Any CPU
		{40E128C2-372E-46B0-9DA4-2625F80FBF9A}.Release|Any CPU.ActiveCfg = Release|Any CPU
		{40E128C2-372E-46B0-9DA4-2625F80FBF9A}.Release|Any CPU.Build.0 = Release|Any CPU
		{40E128C2-372E-46B0-9DA4-2625F80FBF9A}.Release|x64.ActiveCfg = Release|Any CPU
		{40E128C2-372E-46B0-9DA4-2625F80FBF9A}.Release|x64.Build.0 = Release|Any CPU
		{40E128C2-372E-46B0-9DA4-2625F80FBF9A}.Release|x86.ActiveCfg = Release|Any CPU
		{40E128C2-372E-46B0-9DA4-2625F80FBF9A}.Release|x86.Build.0 = Release|Any CPU
		{0506BF53-A5EA-482F-A91F-3850E5B73C89}.Debug|Any CPU.ActiveCfg = Debug|Any CPU
		{0506BF53-A5EA-482F-A91F-3850E5B73C89}.Debug|Any CPU.Build.0 = Debug|Any CPU
		{0506BF53-A5EA-482F-A91F-3850E5B73C89}.Debug|x64.ActiveCfg = Debug|Any CPU
		{0506BF53-A5EA-482F-A91F-3850E5B73C89}.Debug|x64.Build.0 = Debug|Any CPU
		{0506BF53-A5EA-482F-A91F-3850E5B73C89}.Debug|x86.ActiveCfg = Debug|Any CPU
		{0506BF53-A5EA-482F-A91F-3850E5B73C89}.Debug|x86.Build.0 = Debug|Any CPU
		{0506BF53-A5EA-482F-A91F-3850E5B73C89}.Release|Any CPU.ActiveCfg = Release|Any CPU
		{0506BF53-A5EA-482F-A91F-3850E5B73C89}.Release|Any CPU.Build.0 = Release|Any CPU
		{0506BF53-A5EA-482F-A91F-3850E5B73C89}.Release|x64.ActiveCfg = Release|Any CPU
		{0506BF53-A5EA-482F-A91F-3850E5B73C89}.Release|x64.Build.0 = Release|Any CPU
		{0506BF53-A5EA-482F-A91F-3850E5B73C89}.Release|x86.ActiveCfg = Release|Any CPU
		{0506BF53-A5EA-482F-A91F-3850E5B73C89}.Release|x86.Build.0 = Release|Any CPU
		{9CF69960-9618-49B1-A8AA-6699FF14C9C5}.Debug|Any CPU.ActiveCfg = Debug|Any CPU
		{9CF69960-9618-49B1-A8AA-6699FF14C9C5}.Debug|Any CPU.Build.0 = Debug|Any CPU
		{9CF69960-9618-49B1-A8AA-6699FF14C9C5}.Debug|x64.ActiveCfg = Debug|Any CPU
		{9CF69960-9618-49B1-A8AA-6699FF14C9C5}.Debug|x64.Build.0 = Debug|Any CPU
		{9CF69960-9618-49B1-A8AA-6699FF14C9C5}.Debug|x86.ActiveCfg = Debug|Any CPU
		{9CF69960-9618-49B1-A8AA-6699FF14C9C5}.Debug|x86.Build.0 = Debug|Any CPU
		{9CF69960-9618-49B1-A8AA-6699FF14C9C5}.Release|Any CPU.ActiveCfg = Release|Any CPU
		{9CF69960-9618-49B1-A8AA-6699FF14C9C5}.Release|Any CPU.Build.0 = Release|Any CPU
		{9CF69960-9618-49B1-A8AA-6699FF14C9C5}.Release|x64.ActiveCfg = Release|Any CPU
		{9CF69960-9618-49B1-A8AA-6699FF14C9C5}.Release|x64.Build.0 = Release|Any CPU
		{9CF69960-9618-49B1-A8AA-6699FF14C9C5}.Release|x86.ActiveCfg = Release|Any CPU
		{9CF69960-9618-49B1-A8AA-6699FF14C9C5}.Release|x86.Build.0 = Release|Any CPU
		{9B03C273-8266-4085-8BAD-9570BF48592F}.Debug|Any CPU.ActiveCfg = Debug|Any CPU
		{9B03C273-8266-4085-8BAD-9570BF48592F}.Debug|Any CPU.Build.0 = Debug|Any CPU
		{9B03C273-8266-4085-8BAD-9570BF48592F}.Debug|x64.ActiveCfg = Debug|Any CPU
		{9B03C273-8266-4085-8BAD-9570BF48592F}.Debug|x64.Build.0 = Debug|Any CPU
		{9B03C273-8266-4085-8BAD-9570BF48592F}.Debug|x86.ActiveCfg = Debug|Any CPU
		{9B03C273-8266-4085-8BAD-9570BF48592F}.Debug|x86.Build.0 = Debug|Any CPU
		{9B03C273-8266-4085-8BAD-9570BF48592F}.Release|Any CPU.ActiveCfg = Release|Any CPU
		{9B03C273-8266-4085-8BAD-9570BF48592F}.Release|Any CPU.Build.0 = Release|Any CPU
		{9B03C273-8266-4085-8BAD-9570BF48592F}.Release|x64.ActiveCfg = Release|Any CPU
		{9B03C273-8266-4085-8BAD-9570BF48592F}.Release|x64.Build.0 = Release|Any CPU
		{9B03C273-8266-4085-8BAD-9570BF48592F}.Release|x86.ActiveCfg = Release|Any CPU
		{9B03C273-8266-4085-8BAD-9570BF48592F}.Release|x86.Build.0 = Release|Any CPU
		{DDE9715D-2E7D-4D56-B6A2-835FB384401E}.Debug|Any CPU.ActiveCfg = Debug|Any CPU
		{DDE9715D-2E7D-4D56-B6A2-835FB384401E}.Debug|Any CPU.Build.0 = Debug|Any CPU
		{DDE9715D-2E7D-4D56-B6A2-835FB384401E}.Debug|x64.ActiveCfg = Debug|Any CPU
		{DDE9715D-2E7D-4D56-B6A2-835FB384401E}.Debug|x64.Build.0 = Debug|Any CPU
		{DDE9715D-2E7D-4D56-B6A2-835FB384401E}.Debug|x86.ActiveCfg = Debug|Any CPU
		{DDE9715D-2E7D-4D56-B6A2-835FB384401E}.Debug|x86.Build.0 = Debug|Any CPU
		{DDE9715D-2E7D-4D56-B6A2-835FB384401E}.Release|Any CPU.ActiveCfg = Release|Any CPU
		{DDE9715D-2E7D-4D56-B6A2-835FB384401E}.Release|Any CPU.Build.0 = Release|Any CPU
		{DDE9715D-2E7D-4D56-B6A2-835FB384401E}.Release|x64.ActiveCfg = Release|Any CPU
		{DDE9715D-2E7D-4D56-B6A2-835FB384401E}.Release|x64.Build.0 = Release|Any CPU
		{DDE9715D-2E7D-4D56-B6A2-835FB384401E}.Release|x86.ActiveCfg = Release|Any CPU
		{DDE9715D-2E7D-4D56-B6A2-835FB384401E}.Release|x86.Build.0 = Release|Any CPU
	EndGlobalSection
	GlobalSection(SolutionProperties) = preSolution
		HideSolutionNode = FALSE
	EndGlobalSection
	GlobalSection(NestedProjects) = preSolution
		{40E128C2-372E-46B0-9DA4-2625F80FBF9A} = {827E0CD3-B72D-47B6-A68D-7590B98EB39B}
		{0506BF53-A5EA-482F-A91F-3850E5B73C89} = {827E0CD3-B72D-47B6-A68D-7590B98EB39B}
		{9CF69960-9618-49B1-A8AA-6699FF14C9C5} = {827E0CD3-B72D-47B6-A68D-7590B98EB39B}
		{9B03C273-8266-4085-8BAD-9570BF48592F} = {827E0CD3-B72D-47B6-A68D-7590B98EB39B}
		{DDE9715D-2E7D-4D56-B6A2-835FB384401E} = {0C88DD14-F956-CE84-757C-A364CCF449FC}
	EndGlobalSection
EndGlobal
